{
  "nodes": {
    "flake-parts": {
      "inputs": {
        "nixpkgs-lib": "nixpkgs-lib"
      },
      "locked": {
        "lastModified": 1765835352,
        "narHash": "sha256-XswHlK/Qtjasvhd1nOa1e8MgZ8GS//jBoTqWtrS1Giw=",
        "owner": "hercules-ci",
        "repo": "flake-parts",
        "rev": "a34fae9c08a15ad73f295041fec82323541400a9",
        "type": "github"
      },
      "original": {
        "owner": "hercules-ci",
        "repo": "flake-parts",
        "type": "github"
      }
    },
    "linux-rocksmith": {
      "flake": false,
      "locked": {
        "lastModified": 1767546258,
        "narHash": "sha256-Wr/tUfJ5Mc3FL9ZRbyTrATH9t6hBmxynfGNdSOwAE4w=",
        "ref": "refs/heads/main",
        "rev": "f2ff9a45fe8b21e5778d35f10ba9ea39f0d425c1",
        "revCount": 217,
        "type": "git",
        "url": "https://codeberg.org/nizo/linux-rocksmith"
      },
      "original": {
        "type": "git",
        "url": "https://codeberg.org/nizo/linux-rocksmith"
      }
    },
    "nix-gaming": {
      "inputs": {
        "flake-parts": [
          "flake-parts"
        ],
        "nixpkgs": [
          "nixpkgs"
        ]
      },
      "locked": {
        "lastModified": 1767579768,
        "narHash": "sha256-MDyl7tiem57OAOcPuCJrONh1PCcKj5OzJEesBrka3dk=",
        "owner": "fufexan",
        "repo": "nix-gaming",
        "rev": "4199abcbc86b52e6878d1021da61c4e8e308e00e",
        "type": "github"
      },
      "original": {
        "owner": "fufexan",
        "repo": "nix-gaming",
        "type": "github"
      }
    },
    "nixpkgs": {
      "locked": {
        "lastModified": 1767379071,
        "narHash": "sha256-EgE0pxsrW9jp9YFMkHL9JMXxcqi/OoumPJYwf+Okucw=",
        "owner": "nixos",
        "repo": "nixpkgs",
        "rev": "fb7944c166a3b630f177938e478f0378e64ce108",
        "type": "github"
      },
      "original": {
        "owner": "nixos",
        "ref": "nixos-unstable",
        "repo": "nixpkgs",
        "type": "github"
      }
    },
    "nixpkgs-lib": {
      "locked": {
        "lastModified": 1765674936,
        "narHash": "sha256-k00uTP4JNfmejrCLJOwdObYC9jHRrr/5M/a/8L2EIdo=",
        "owner": "nix-community",
        "repo": "nixpkgs.lib",
        "rev": "2075416fcb47225d9b68ac469a5c4801a9c4dd85",
        "type": "github"
      },
      "original": {
        "owner": "nix-community",
        "repo": "nixpkgs.lib",
        "type": "github"
      }
    },
    "root": {
      "inputs": {
        "flake-parts": "flake-parts",
        "linux-rocksmith": "linux-rocksmith",
        "nix-gaming": "nix-gaming",
        "nixpkgs": "nixpkgs",
        "rs-linux-autoconnect": "rs-linux-autoconnect"
      }
    },
    "rs-linux-autoconnect": {
      "flake": false,
      "locked": {
        "lastModified": 1753454170,
        "narHash": "sha256-Uk4J2ZGHZFI6RX7pmGbdgxUWWdOegsNtJLc/aeBnj54=",
        "owner": "KczBen",
        "repo": "rs-linux-autoconnect",
        "rev": "09a3f0fd0492573dd48468ab413626edd0cba757",
        "type": "github"
      },
      "original": {
        "owner": "KczBen",
        "repo": "rs-linux-autoconnect",
        "type": "github"
      }
    }
  },
  "root": "root",
  "version": 7
}
