{
  "nodes": {
    "flake-parts": {
      "inputs": {
        "nixpkgs-lib": "nixpkgs-lib"
      },
      "locked": {
        "lastModified": 1769996383,
        "narHash": "sha256-AnYjnFWgS49RlqX7LrC4uA+sCCDBj0Ry/WOJ5XWAsa0=",
        "owner": "hercules-ci",
        "repo": "flake-parts",
        "rev": "57928607ea566b5db3ad13af0e57e921e6b12381",
        "type": "github"
      },
      "original": {
        "owner": "hercules-ci",
        "repo": "flake-parts",
        "type": "github"
      }
    },
    "linux-rocksmith": {
      "flake": false,
      "locked": {
        "lastModified": 1770193064,
        "narHash": "sha256-zUB01bYNLFV2rXXFYuFRZNsZ877G/5ZqanOYPH61m7g=",
        "ref": "refs/heads/main",
        "rev": "cacf26501491cdb4eb83844776758fa74f5998e4",
        "revCount": 228,
        "type": "git",
        "url": "https://codeberg.org/nizo/linux-rocksmith"
      },
      "original": {
        "type": "git",
        "url": "https://codeberg.org/nizo/linux-rocksmith"
      }
    },
    "nix-gaming": {
      "inputs": {
        "flake-parts": [
          "flake-parts"
        ],
        "nixpkgs": [
          "nixpkgs"
        ]
      },
      "locked": {
        "lastModified": 1770605007,
        "narHash": "sha256-QeDZL8lMz3U318x3q7gb5gyrg2uWnr1Mjlyw5IngEG8=",
        "owner": "fufexan",
        "repo": "nix-gaming",
        "rev": "4ea62f3a1990c0ad09ff46a177e1cdba6428a43d",
        "type": "github"
      },
      "original": {
        "owner": "fufexan",
        "repo": "nix-gaming",
        "type": "github"
      }
    },
    "nixpkgs": {
      "locked": {
        "lastModified": 1770562336,
        "narHash": "sha256-ub1gpAONMFsT/GU2hV6ZWJjur8rJ6kKxdm9IlCT0j84=",
        "owner": "nixos",
        "repo": "nixpkgs",
        "rev": "d6c71932130818840fc8fe9509cf50be8c64634f",
        "type": "github"
      },
      "original": {
        "owner": "nixos",
        "ref": "nixos-unstable",
        "repo": "nixpkgs",
        "type": "github"
      }
    },
    "nixpkgs-lib": {
      "locked": {
        "lastModified": 1769909678,
        "narHash": "sha256-cBEymOf4/o3FD5AZnzC3J9hLbiZ+QDT/KDuyHXVJOpM=",
        "owner": "nix-community",
        "repo": "nixpkgs.lib",
        "rev": "72716169fe93074c333e8d0173151350670b824c",
        "type": "github"
      },
      "original": {
        "owner": "nix-community",
        "repo": "nixpkgs.lib",
        "type": "github"
      }
    },
    "root": {
      "inputs": {
        "flake-parts": "flake-parts",
        "linux-rocksmith": "linux-rocksmith",
        "nix-gaming": "nix-gaming",
        "nixpkgs": "nixpkgs",
        "rs-linux-autoconnect": "rs-linux-autoconnect"
      }
    },
    "rs-linux-autoconnect": {
      "flake": false,
      "locked": {
        "lastModified": 1753454170,
        "narHash": "sha256-Uk4J2ZGHZFI6RX7pmGbdgxUWWdOegsNtJLc/aeBnj54=",
        "owner": "KczBen",
        "repo": "rs-linux-autoconnect",
        "rev": "09a3f0fd0492573dd48468ab413626edd0cba757",
        "type": "github"
      },
      "original": {
        "owner": "KczBen",
        "repo": "rs-linux-autoconnect",
        "type": "github"
      }
    }
  },
  "root": "root",
  "version": 7
}
